
Microsoft Visual Studio Solution File, Format Version 12.00
# Visual Studio Version 16
VisualStudioVersion = 16.0.30711.63
MinimumVisualStudioVersion = 10.0.40219.1
Project("{FAE04EC0-301F-11D3-BF4B-00C04F79EFBC}") = "WindowsFormsApp21", "WindowsFormsApp21\WindowsFormsApp21.csproj", "{103AD8AA-1E09-4E37-A7B9-4FEB66D47225}"
EndProject
Global
	GlobalSection(SolutionConfigurationPlatforms) = preSolution
		Debug|Any CPU = Debug|Any CPU
		Release|Any CPU = Release|Any CPU
	EndGlobalSection
	GlobalSection(ProjectConfigurationPlatforms) = postSolution
		{103AD8AA-1E09-4E37-A7B9-4FEB66D47225}.Debug|Any CPU.ActiveCfg = Debug|Any CPU
		{103AD8AA-1E09-4E37-A7B9-4FEB66D47225}.Debug|Any CPU.Build.0 = Debug|Any CPU
		{103AD8AA-1E09-4E37-A7B9-4FEB66D47225}.Release|Any CPU.ActiveCfg = Release|Any CPU
		{103AD8AA-1E09-4E37-A7B9-4FEB66D47225}.Release|Any CPU.Build.0 = Release|Any CPU
	EndGlobalSection
	GlobalSection(SolutionProperties) = preSolution
		HideSolutionNode = FALSE
	EndGlobalSection
	GlobalSection(ExtensibilityGlobals) = postSolution
		SolutionGuid = {5FC98BC8-1EDE-4FC0-81A4-817875C684A7}
	EndGlobalSection
EndGlobal
